// !$*UTF8*$!
{
	archiveVersion = 1;
	classes = {
	};
	objectVersion = 50;
	objects = {

/* Begin PBXBuildFile section */
		90F87E2926077AC100493E38 /* main.c in Sources */ = {isa = PBXBuildFile; fileRef = 90F87E2826077AC100493E38 /* main.c */; };
		90F87E342607E43400493E38 /* RPIPCMessage.c in Sources */ = {isa = PBXBuildFile; fileRef = 90F87E332607E43400493E38 /* RPIPCMessage.c */; };
		90F87E692607E61900493E38 /* Spc_Filter.cpp in Sources */ = {isa = PBXBuildFile; fileRef = 90F87E392607E61800493E38 /* Spc_Filter.cpp */; };
		90F87E6A2607E61900493E38 /* Ym2413_Emu.cpp in Sources */ = {isa = PBXBuildFile; fileRef = 90F87E3A2607E61800493E38 /* Ym2413_Emu.cpp */; };
		90F87E6B2607E61900493E38 /* Ym2612_MAME.cpp in Sources */ = {isa = PBXBuildFile; fileRef = 90F87E3B2607E61800493E38 /* Ym2612_MAME.cpp */; };
		90F87E6C2607E61900493E38 /* Kss_Emu.cpp in Sources */ = {isa = PBXBuildFile; fileRef = 90F87E3C2607E61800493E38 /* Kss_Emu.cpp */; };
		90F87E6D2607E61900493E38 /* Sap_Cpu.cpp in Sources */ = {isa = PBXBuildFile; fileRef = 90F87E3D2607E61800493E38 /* Sap_Cpu.cpp */; };
		90F87E6E2607E61900493E38 /* Spc_Cpu.cpp in Sources */ = {isa = PBXBuildFile; fileRef = 90F87E3E2607E61800493E38 /* Spc_Cpu.cpp */; };
		90F87E6F2607E61900493E38 /* Spc_Emu.cpp in Sources */ = {isa = PBXBuildFile; fileRef = 90F87E3F2607E61800493E38 /* Spc_Emu.cpp */; };
		90F87E702607E61900493E38 /* Music_Emu.cpp in Sources */ = {isa = PBXBuildFile; fileRef = 90F87E402607E61800493E38 /* Music_Emu.cpp */; };
		90F87E712607E61900493E38 /* Vgm_Emu_Impl.cpp in Sources */ = {isa = PBXBuildFile; fileRef = 90F87E412607E61800493E38 /* Vgm_Emu_Impl.cpp */; };
		90F87E722607E61900493E38 /* Gb_Oscs.cpp in Sources */ = {isa = PBXBuildFile; fileRef = 90F87E422607E61800493E38 /* Gb_Oscs.cpp */; };
		90F87E732607E61900493E38 /* Nes_Namco_Apu.cpp in Sources */ = {isa = PBXBuildFile; fileRef = 90F87E432607E61800493E38 /* Nes_Namco_Apu.cpp */; };
		90F87E742607E61900493E38 /* Gme_File.cpp in Sources */ = {isa = PBXBuildFile; fileRef = 90F87E442607E61800493E38 /* Gme_File.cpp */; };
		90F87E752607E61900493E38 /* Vgm_Emu.cpp in Sources */ = {isa = PBXBuildFile; fileRef = 90F87E452607E61800493E38 /* Vgm_Emu.cpp */; };
		90F87E762607E61900493E38 /* Ym2612_Nuked.cpp in Sources */ = {isa = PBXBuildFile; fileRef = 90F87E462607E61800493E38 /* Ym2612_Nuked.cpp */; };
		90F87E772607E61900493E38 /* Ay_Cpu.cpp in Sources */ = {isa = PBXBuildFile; fileRef = 90F87E472607E61800493E38 /* Ay_Cpu.cpp */; };
		90F87E782607E61900493E38 /* Fir_Resampler.cpp in Sources */ = {isa = PBXBuildFile; fileRef = 90F87E482607E61800493E38 /* Fir_Resampler.cpp */; };
		90F87E792607E61900493E38 /* gme.cpp in Sources */ = {isa = PBXBuildFile; fileRef = 90F87E492607E61800493E38 /* gme.cpp */; };
		90F87E7A2607E61900493E38 /* Nsf_Emu.cpp in Sources */ = {isa = PBXBuildFile; fileRef = 90F87E4A2607E61800493E38 /* Nsf_Emu.cpp */; };
		90F87E7B2607E61900493E38 /* Nes_Apu.cpp in Sources */ = {isa = PBXBuildFile; fileRef = 90F87E4B2607E61800493E38 /* Nes_Apu.cpp */; };
		90F87E7C2607E61900493E38 /* Ay_Apu.cpp in Sources */ = {isa = PBXBuildFile; fileRef = 90F87E4C2607E61800493E38 /* Ay_Apu.cpp */; };
		90F87E7D2607E61900493E38 /* M3u_Playlist.cpp in Sources */ = {isa = PBXBuildFile; fileRef = 90F87E4D2607E61800493E38 /* M3u_Playlist.cpp */; };
		90F87E7E2607E61900493E38 /* Nes_Cpu.cpp in Sources */ = {isa = PBXBuildFile; fileRef = 90F87E4E2607E61800493E38 /* Nes_Cpu.cpp */; };
		90F87E7F2607E61900493E38 /* Sap_Emu.cpp in Sources */ = {isa = PBXBuildFile; fileRef = 90F87E4F2607E61800493E38 /* Sap_Emu.cpp */; };
		90F87E802607E61900493E38 /* Sap_Apu.cpp in Sources */ = {isa = PBXBuildFile; fileRef = 90F87E502607E61800493E38 /* Sap_Apu.cpp */; };
		90F87E812607E61900493E38 /* Nsfe_Emu.cpp in Sources */ = {isa = PBXBuildFile; fileRef = 90F87E512607E61800493E38 /* Nsfe_Emu.cpp */; };
		90F87E822607E61900493E38 /* Sms_Apu.cpp in Sources */ = {isa = PBXBuildFile; fileRef = 90F87E522607E61800493E38 /* Sms_Apu.cpp */; };
		90F87E832607E61900493E38 /* Ym2612_GENS.cpp in Sources */ = {isa = PBXBuildFile; fileRef = 90F87E532607E61800493E38 /* Ym2612_GENS.cpp */; };
		90F87E842607E61900493E38 /* Ay_Emu.cpp in Sources */ = {isa = PBXBuildFile; fileRef = 90F87E542607E61800493E38 /* Ay_Emu.cpp */; };
		90F87E852607E61900493E38 /* Blip_Buffer.cpp in Sources */ = {isa = PBXBuildFile; fileRef = 90F87E552607E61800493E38 /* Blip_Buffer.cpp */; };
		90F87E862607E61900493E38 /* Multi_Buffer.cpp in Sources */ = {isa = PBXBuildFile; fileRef = 90F87E562607E61800493E38 /* Multi_Buffer.cpp */; };
		90F87E872607E61900493E38 /* Data_Reader.cpp in Sources */ = {isa = PBXBuildFile; fileRef = 90F87E572607E61800493E38 /* Data_Reader.cpp */; };
		90F87E882607E61900493E38 /* Kss_Scc_Apu.cpp in Sources */ = {isa = PBXBuildFile; fileRef = 90F87E582607E61800493E38 /* Kss_Scc_Apu.cpp */; };
		90F87E892607E61900493E38 /* Gb_Cpu.cpp in Sources */ = {isa = PBXBuildFile; fileRef = 90F87E592607E61800493E38 /* Gb_Cpu.cpp */; };
		90F87E8A2607E61900493E38 /* Hes_Emu.cpp in Sources */ = {isa = PBXBuildFile; fileRef = 90F87E5A2607E61800493E38 /* Hes_Emu.cpp */; };
		90F87E8B2607E61900493E38 /* Effects_Buffer.cpp in Sources */ = {isa = PBXBuildFile; fileRef = 90F87E5B2607E61900493E38 /* Effects_Buffer.cpp */; };
		90F87E8C2607E61900493E38 /* Gbs_Emu.cpp in Sources */ = {isa = PBXBuildFile; fileRef = 90F87E5C2607E61900493E38 /* Gbs_Emu.cpp */; };
		90F87E8D2607E61900493E38 /* Gb_Apu.cpp in Sources */ = {isa = PBXBuildFile; fileRef = 90F87E5D2607E61900493E38 /* Gb_Apu.cpp */; };
		90F87E8E2607E61900493E38 /* Dual_Resampler.cpp in Sources */ = {isa = PBXBuildFile; fileRef = 90F87E5E2607E61900493E38 /* Dual_Resampler.cpp */; };
		90F87E8F2607E61900493E38 /* Gym_Emu.cpp in Sources */ = {isa = PBXBuildFile; fileRef = 90F87E5F2607E61900493E38 /* Gym_Emu.cpp */; };
		90F87E902607E61900493E38 /* Hes_Apu.cpp in Sources */ = {isa = PBXBuildFile; fileRef = 90F87E602607E61900493E38 /* Hes_Apu.cpp */; };
		90F87E912607E61900493E38 /* Nes_Oscs.cpp in Sources */ = {isa = PBXBuildFile; fileRef = 90F87E612607E61900493E38 /* Nes_Oscs.cpp */; };
		90F87E922607E61900493E38 /* Kss_Cpu.cpp in Sources */ = {isa = PBXBuildFile; fileRef = 90F87E622607E61900493E38 /* Kss_Cpu.cpp */; };
		90F87E932607E61900493E38 /* Nes_Vrc6_Apu.cpp in Sources */ = {isa = PBXBuildFile; fileRef = 90F87E632607E61900493E38 /* Nes_Vrc6_Apu.cpp */; };
		90F87E942607E61900493E38 /* Snes_Spc.cpp in Sources */ = {isa = PBXBuildFile; fileRef = 90F87E642607E61900493E38 /* Snes_Spc.cpp */; };
		90F87E952607E61900493E38 /* Hes_Cpu.cpp in Sources */ = {isa = PBXBuildFile; fileRef = 90F87E652607E61900493E38 /* Hes_Cpu.cpp */; };
		90F87E962607E61900493E38 /* Spc_Dsp.cpp in Sources */ = {isa = PBXBuildFile; fileRef = 90F87E662607E61900493E38 /* Spc_Dsp.cpp */; };
		90F87E972607E61900493E38 /* Nes_Fme7_Apu.cpp in Sources */ = {isa = PBXBuildFile; fileRef = 90F87E672607E61900493E38 /* Nes_Fme7_Apu.cpp */; };
		90F87E982607E61900493E38 /* Classic_Emu.cpp in Sources */ = {isa = PBXBuildFile; fileRef = 90F87E682607E61900493E38 /* Classic_Emu.cpp */; };
/* End PBXBuildFile section */

/* Begin PBXCopyFilesBuildPhase section */
		90F87E2326077AC100493E38 /* CopyFiles */ = {
			isa = PBXCopyFilesBuildPhase;
			buildActionMask = 2147483647;
			dstPath = /usr/share/man/man1/;
			dstSubfolderSpec = 0;
			files = (
			);
			runOnlyForDeploymentPostprocessing = 1;
		};
/* End PBXCopyFilesBuildPhase section */

/* Begin PBXFileReference section */
		90F87E2526077AC100493E38 /* RPGME */ = {isa = PBXFileReference; explicitFileType = "compiled.mach-o.executable"; includeInIndex = 0; path = RPGME; sourceTree = BUILT_PRODUCTS_DIR; };
		90F87E2826077AC100493E38 /* main.c */ = {isa = PBXFileReference; lastKnownFileType = sourcecode.c.c; path = main.c; sourceTree = "<group>"; };
		90F87E322607E43400493E38 /* RPIPCMessage.h */ = {isa = PBXFileReference; fileEncoding = 4; lastKnownFileType = sourcecode.c.h; path = RPIPCMessage.h; sourceTree = "<group>"; };
		90F87E332607E43400493E38 /* RPIPCMessage.c */ = {isa = PBXFileReference; fileEncoding = 4; lastKnownFileType = sourcecode.c.c; path = RPIPCMessage.c; sourceTree = "<group>"; };
		90F87E362607E45700493E38 /* RPGMEMessages.h */ = {isa = PBXFileReference; fileEncoding = 4; lastKnownFileType = sourcecode.c.h; path = RPGMEMessages.h; sourceTree = "<group>"; };
		90F87E392607E61800493E38 /* Spc_Filter.cpp */ = {isa = PBXFileReference; fileEncoding = 4; lastKnownFileType = sourcecode.cpp.cpp; name = Spc_Filter.cpp; path = gme/gme/Spc_Filter.cpp; sourceTree = "<group>"; };
		90F87E3A2607E61800493E38 /* Ym2413_Emu.cpp */ = {isa = PBXFileReference; fileEncoding = 4; lastKnownFileType = sourcecode.cpp.cpp; name = Ym2413_Emu.cpp; path = gme/gme/Ym2413_Emu.cpp; sourceTree = "<group>"; };
		90F87E3B2607E61800493E38 /* Ym2612_MAME.cpp */ = {isa = PBXFileReference; fileEncoding = 4; lastKnownFileType = sourcecode.cpp.cpp; name = Ym2612_MAME.cpp; path = gme/gme/Ym2612_MAME.cpp; sourceTree = "<group>"; };
		90F87E3C2607E61800493E38 /* Kss_Emu.cpp */ = {isa = PBXFileReference; fileEncoding = 4; lastKnownFileType = sourcecode.cpp.cpp; name = Kss_Emu.cpp; path = gme/gme/Kss_Emu.cpp; sourceTree = "<group>"; };
		90F87E3D2607E61800493E38 /* Sap_Cpu.cpp */ = {isa = PBXFileReference; fileEncoding = 4; lastKnownFileType = sourcecode.cpp.cpp; name = Sap_Cpu.cpp; path = gme/gme/Sap_Cpu.cpp; sourceTree = "<group>"; };
		90F87E3E2607E61800493E38 /* Spc_Cpu.cpp */ = {isa = PBXFileReference; fileEncoding = 4; lastKnownFileType = sourcecode.cpp.cpp; name = Spc_Cpu.cpp; path = gme/gme/Spc_Cpu.cpp; sourceTree = "<group>"; };
		90F87E3F2607E61800493E38 /* Spc_Emu.cpp */ = {isa = PBXFileReference; fileEncoding = 4; lastKnownFileType = sourcecode.cpp.cpp; name = Spc_Emu.cpp; path = gme/gme/Spc_Emu.cpp; sourceTree = "<group>"; };
		90F87E402607E61800493E38 /* Music_Emu.cpp */ = {isa = PBXFileReference; fileEncoding = 4; lastKnownFileType = sourcecode.cpp.cpp; name = Music_Emu.cpp; path = gme/gme/Music_Emu.cpp; sourceTree = "<group>"; };
		90F87E412607E61800493E38 /* Vgm_Emu_Impl.cpp */ = {isa = PBXFileReference; fileEncoding = 4; lastKnownFileType = sourcecode.cpp.cpp; name = Vgm_Emu_Impl.cpp; path = gme/gme/Vgm_Emu_Impl.cpp; sourceTree = "<group>"; };
		90F87E422607E61800493E38 /* Gb_Oscs.cpp */ = {isa = PBXFileReference; fileEncoding = 4; lastKnownFileType = sourcecode.cpp.cpp; name = Gb_Oscs.cpp; path = gme/gme/Gb_Oscs.cpp; sourceTree = "<group>"; };
		90F87E432607E61800493E38 /* Nes_Namco_Apu.cpp */ = {isa = PBXFileReference; fileEncoding = 4; lastKnownFileType = sourcecode.cpp.cpp; name = Nes_Namco_Apu.cpp; path = gme/gme/Nes_Namco_Apu.cpp; sourceTree = "<group>"; };
		90F87E442607E61800493E38 /* Gme_File.cpp */ = {isa = PBXFileReference; fileEncoding = 4; lastKnownFileType = sourcecode.cpp.cpp; name = Gme_File.cpp; path = gme/gme/Gme_File.cpp; sourceTree = "<group>"; };
		90F87E452607E61800493E38 /* Vgm_Emu.cpp */ = {isa = PBXFileReference; fileEncoding = 4; lastKnownFileType = sourcecode.cpp.cpp; name = Vgm_Emu.cpp; path = gme/gme/Vgm_Emu.cpp; sourceTree = "<group>"; };
		90F87E462607E61800493E38 /* Ym2612_Nuked.cpp */ = {isa = PBXFileReference; fileEncoding = 4; lastKnownFileType = sourcecode.cpp.cpp; name = Ym2612_Nuked.cpp; path = gme/gme/Ym2612_Nuked.cpp; sourceTree = "<group>"; };
		90F87E472607E61800493E38 /* Ay_Cpu.cpp */ = {isa = PBXFileReference; fileEncoding = 4; lastKnownFileType = sourcecode.cpp.cpp; name = Ay_Cpu.cpp; path = gme/gme/Ay_Cpu.cpp; sourceTree = "<group>"; };
		90F87E482607E61800493E38 /* Fir_Resampler.cpp */ = {isa = PBXFileReference; fileEncoding = 4; lastKnownFileType = sourcecode.cpp.cpp; name = Fir_Resampler.cpp; path = gme/gme/Fir_Resampler.cpp; sourceTree = "<group>"; };
		90F87E492607E61800493E38 /* gme.cpp */ = {isa = PBXFileReference; fileEncoding = 4; lastKnownFileType = sourcecode.cpp.cpp; name = gme.cpp; path = gme/gme/gme.cpp; sourceTree = "<group>"; };
		90F87E4A2607E61800493E38 /* Nsf_Emu.cpp */ = {isa = PBXFileReference; fileEncoding = 4; lastKnownFileType = sourcecode.cpp.cpp; name = Nsf_Emu.cpp; path = gme/gme/Nsf_Emu.cpp; sourceTree = "<group>"; };
		90F87E4B2607E61800493E38 /* Nes_Apu.cpp */ = {isa = PBXFileReference; fileEncoding = 4; lastKnownFileType = sourcecode.cpp.cpp; name = Nes_Apu.cpp; path = gme/gme/Nes_Apu.cpp; sourceTree = "<group>"; };
		90F87E4C2607E61800493E38 /* Ay_Apu.cpp */ = {isa = PBXFileReference; fileEncoding = 4; lastKnownFileType = sourcecode.cpp.cpp; name = Ay_Apu.cpp; path = gme/gme/Ay_Apu.cpp; sourceTree = "<group>"; };
		90F87E4D2607E61800493E38 /* M3u_Playlist.cpp */ = {isa = PBXFileReference; fileEncoding = 4; lastKnownFileType = sourcecode.cpp.cpp; name = M3u_Playlist.cpp; path = gme/gme/M3u_Playlist.cpp; sourceTree = "<group>"; };
		90F87E4E2607E61800493E38 /* Nes_Cpu.cpp */ = {isa = PBXFileReference; fileEncoding = 4; lastKnownFileType = sourcecode.cpp.cpp; name = Nes_Cpu.cpp; path = gme/gme/Nes_Cpu.cpp; sourceTree = "<group>"; };
		90F87E4F2607E61800493E38 /* Sap_Emu.cpp */ = {isa = PBXFileReference; fileEncoding = 4; lastKnownFileType = sourcecode.cpp.cpp; name = Sap_Emu.cpp; path = gme/gme/Sap_Emu.cpp; sourceTree = "<group>"; };
		90F87E502607E61800493E38 /* Sap_Apu.cpp */ = {isa = PBXFileReference; fileEncoding = 4; lastKnownFileType = sourcecode.cpp.cpp; name = Sap_Apu.cpp; path = gme/gme/Sap_Apu.cpp; sourceTree = "<group>"; };
		90F87E512607E61800493E38 /* Nsfe_Emu.cpp */ = {isa = PBXFileReference; fileEncoding = 4; lastKnownFileType = sourcecode.cpp.cpp; name = Nsfe_Emu.cpp; path = gme/gme/Nsfe_Emu.cpp; sourceTree = "<group>"; };
		90F87E522607E61800493E38 /* Sms_Apu.cpp */ = {isa = PBXFileReference; fileEncoding = 4; lastKnownFileType = sourcecode.cpp.cpp; name = Sms_Apu.cpp; path = gme/gme/Sms_Apu.cpp; sourceTree = "<group>"; };
		90F87E532607E61800493E38 /* Ym2612_GENS.cpp */ = {isa = PBXFileReference; fileEncoding = 4; lastKnownFileType = sourcecode.cpp.cpp; name = Ym2612_GENS.cpp; path = gme/gme/Ym2612_GENS.cpp; sourceTree = "<group>"; };
		90F87E542607E61800493E38 /* Ay_Emu.cpp */ = {isa = PBXFileReference; fileEncoding = 4; lastKnownFileType = sourcecode.cpp.cpp; name = Ay_Emu.cpp; path = gme/gme/Ay_Emu.cpp; sourceTree = "<group>"; };
		90F87E552607E61800493E38 /* Blip_Buffer.cpp */ = {isa = PBXFileReference; fileEncoding = 4; lastKnownFileType = sourcecode.cpp.cpp; name = Blip_Buffer.cpp; path = gme/gme/Blip_Buffer.cpp; sourceTree = "<group>"; };
		90F87E562607E61800493E38 /* Multi_Buffer.cpp */ = {isa = PBXFileReference; fileEncoding = 4; lastKnownFileType = sourcecode.cpp.cpp; name = Multi_Buffer.cpp; path = gme/gme/Multi_Buffer.cpp; sourceTree = "<group>"; };
		90F87E572607E61800493E38 /* Data_Reader.cpp */ = {isa = PBXFileReference; fileEncoding = 4; lastKnownFileType = sourcecode.cpp.cpp; name = Data_Reader.cpp; path = gme/gme/Data_Reader.cpp; sourceTree = "<group>"; };
		90F87E582607E61800493E38 /* Kss_Scc_Apu.cpp */ = {isa = PBXFileReference; fileEncoding = 4; lastKnownFileType = sourcecode.cpp.cpp; name = Kss_Scc_Apu.cpp; path = gme/gme/Kss_Scc_Apu.cpp; sourceTree = "<group>"; };
		90F87E592607E61800493E38 /* Gb_Cpu.cpp */ = {isa = PBXFileReference; fileEncoding = 4; lastKnownFileType = sourcecode.cpp.cpp; name = Gb_Cpu.cpp; path = gme/gme/Gb_Cpu.cpp; sourceTree = "<group>"; };
		90F87E5A2607E61800493E38 /* Hes_Emu.cpp */ = {isa = PBXFileReference; fileEncoding = 4; lastKnownFileType = sourcecode.cpp.cpp; name = Hes_Emu.cpp; path = gme/gme/Hes_Emu.cpp; sourceTree = "<group>"; };
		90F87E5B2607E61900493E38 /* Effects_Buffer.cpp */ = {isa = PBXFileReference; fileEncoding = 4; lastKnownFileType = sourcecode.cpp.cpp; name = Effects_Buffer.cpp; path = gme/gme/Effects_Buffer.cpp; sourceTree = "<group>"; };
		90F87E5C2607E61900493E38 /* Gbs_Emu.cpp */ = {isa = PBXFileReference; fileEncoding = 4; lastKnownFileType = sourcecode.cpp.cpp; name = Gbs_Emu.cpp; path = gme/gme/Gbs_Emu.cpp; sourceTree = "<group>"; };
		90F87E5D2607E61900493E38 /* Gb_Apu.cpp */ = {isa = PBXFileReference; fileEncoding = 4; lastKnownFileType = sourcecode.cpp.cpp; name = Gb_Apu.cpp; path = gme/gme/Gb_Apu.cpp; sourceTree = "<group>"; };
		90F87E5E2607E61900493E38 /* Dual_Resampler.cpp */ = {isa = PBXFileReference; fileEncoding = 4; lastKnownFileType = sourcecode.cpp.cpp; name = Dual_Resampler.cpp; path = gme/gme/Dual_Resampler.cpp; sourceTree = "<group>"; };
		90F87E5F2607E61900493E38 /* Gym_Emu.cpp */ = {isa = PBXFileReference; fileEncoding = 4; lastKnownFileType = sourcecode.cpp.cpp; name = Gym_Emu.cpp; path = gme/gme/Gym_Emu.cpp; sourceTree = "<group>"; };
		90F87E602607E61900493E38 /* Hes_Apu.cpp */ = {isa = PBXFileReference; fileEncoding = 4; lastKnownFileType = sourcecode.cpp.cpp; name = Hes_Apu.cpp; path = gme/gme/Hes_Apu.cpp; sourceTree = "<group>"; };
		90F87E612607E61900493E38 /* Nes_Oscs.cpp */ = {isa = PBXFileReference; fileEncoding = 4; lastKnownFileType = sourcecode.cpp.cpp; name = Nes_Oscs.cpp; path = gme/gme/Nes_Oscs.cpp; sourceTree = "<group>"; };
		90F87E622607E61900493E38 /* Kss_Cpu.cpp */ = {isa = PBXFileReference; fileEncoding = 4; lastKnownFileType = sourcecode.cpp.cpp; name = Kss_Cpu.cpp; path = gme/gme/Kss_Cpu.cpp; sourceTree = "<group>"; };
		90F87E632607E61900493E38 /* Nes_Vrc6_Apu.cpp */ = {isa = PBXFileReference; fileEncoding = 4; lastKnownFileType = sourcecode.cpp.cpp; name = Nes_Vrc6_Apu.cpp; path = gme/gme/Nes_Vrc6_Apu.cpp; sourceTree = "<group>"; };
		90F87E642607E61900493E38 /* Snes_Spc.cpp */ = {isa = PBXFileReference; fileEncoding = 4; lastKnownFileType = sourcecode.cpp.cpp; name = Snes_Spc.cpp; path = gme/gme/Snes_Spc.cpp; sourceTree = "<group>"; };
		90F87E652607E61900493E38 /* Hes_Cpu.cpp */ = {isa = PBXFileReference; fileEncoding = 4; lastKnownFileType = sourcecode.cpp.cpp; name = Hes_Cpu.cpp; path = gme/gme/Hes_Cpu.cpp; sourceTree = "<group>"; };
		90F87E662607E61900493E38 /* Spc_Dsp.cpp */ = {isa = PBXFileReference; fileEncoding = 4; lastKnownFileType = sourcecode.cpp.cpp; name = Spc_Dsp.cpp; path = gme/gme/Spc_Dsp.cpp; sourceTree = "<group>"; };
		90F87E672607E61900493E38 /* Nes_Fme7_Apu.cpp */ = {isa = PBXFileReference; fileEncoding = 4; lastKnownFileType = sourcecode.cpp.cpp; name = Nes_Fme7_Apu.cpp; path = gme/gme/Nes_Fme7_Apu.cpp; sourceTree = "<group>"; };
		90F87E682607E61900493E38 /* Classic_Emu.cpp */ = {isa = PBXFileReference; fileEncoding = 4; lastKnownFileType = sourcecode.cpp.cpp; name = Classic_Emu.cpp; path = gme/gme/Classic_Emu.cpp; sourceTree = "<group>"; };
		90F87E9A2607E88D00493E38 /* README.md */ = {isa = PBXFileReference; lastKnownFileType = net.daringfireball.markdown; path = README.md; sourceTree = "<group>"; };
/* End PBXFileReference section */

/* Begin PBXFrameworksBuildPhase section */
		90F87E2226077AC100493E38 /* Frameworks */ = {
			isa = PBXFrameworksBuildPhase;
			buildActionMask = 2147483647;
			files = (
			);
			runOnlyForDeploymentPostprocessing = 0;
		};
/* End PBXFrameworksBuildPhase section */

/* Begin PBXGroup section */
		90F87E1C26077AC100493E38 = {
			isa = PBXGroup;
			children = (
				90F87E9A2607E88D00493E38 /* README.md */,
				90F87E3126077B3E00493E38 /* Headers */,
				90F87E2726077AC100493E38 /* Source */,
				90F87E2626077AC100493E38 /* Products */,
			);
			sourceTree = "<group>";
		};
		90F87E2626077AC100493E38 /* Products */ = {
			isa = PBXGroup;
			children = (
				90F87E2526077AC100493E38 /* RPGME */,
			);
			name = Products;
			sourceTree = "<group>";
		};
		90F87E2726077AC100493E38 /* Source */ = {
			isa = PBXGroup;
			children = (
				90F87E372607E53B00493E38 /* gme */,
				90F87E2826077AC100493E38 /* main.c */,
				90F87E332607E43400493E38 /* RPIPCMessage.c */,
				90F87E322607E43400493E38 /* RPIPCMessage.h */,
			);
			path = Source;
			sourceTree = "<group>";
		};
		90F87E3126077B3E00493E38 /* Headers */ = {
			isa = PBXGroup;
			children = (
				90F87E362607E45700493E38 /* RPGMEMessages.h */,
			);
			path = Headers;
			sourceTree = "<group>";
		};
		90F87E372607E53B00493E38 /* gme */ = {
			isa = PBXGroup;
			children = (
				90F87E4C2607E61800493E38 /* Ay_Apu.cpp */,
				90F87E472607E61800493E38 /* Ay_Cpu.cpp */,
				90F87E542607E61800493E38 /* Ay_Emu.cpp */,
				90F87E552607E61800493E38 /* Blip_Buffer.cpp */,
				90F87E682607E61900493E38 /* Classic_Emu.cpp */,
				90F87E572607E61800493E38 /* Data_Reader.cpp */,
				90F87E5E2607E61900493E38 /* Dual_Resampler.cpp */,
				90F87E5B2607E61900493E38 /* Effects_Buffer.cpp */,
				90F87E482607E61800493E38 /* Fir_Resampler.cpp */,
				90F87E5D2607E61900493E38 /* Gb_Apu.cpp */,
				90F87E592607E61800493E38 /* Gb_Cpu.cpp */,
				90F87E422607E61800493E38 /* Gb_Oscs.cpp */,
				90F87E5C2607E61900493E38 /* Gbs_Emu.cpp */,
				90F87E442607E61800493E38 /* Gme_File.cpp */,
				90F87E492607E61800493E38 /* gme.cpp */,
				90F87E5F2607E61900493E38 /* Gym_Emu.cpp */,
				90F87E602607E61900493E38 /* Hes_Apu.cpp */,
				90F87E652607E61900493E38 /* Hes_Cpu.cpp */,
				90F87E5A2607E61800493E38 /* Hes_Emu.cpp */,
				90F87E622607E61900493E38 /* Kss_Cpu.cpp */,
				90F87E3C2607E61800493E38 /* Kss_Emu.cpp */,
				90F87E582607E61800493E38 /* Kss_Scc_Apu.cpp */,
				90F87E4D2607E61800493E38 /* M3u_Playlist.cpp */,
				90F87E562607E61800493E38 /* Multi_Buffer.cpp */,
				90F87E402607E61800493E38 /* Music_Emu.cpp */,
				90F87E4B2607E61800493E38 /* Nes_Apu.cpp */,
				90F87E4E2607E61800493E38 /* Nes_Cpu.cpp */,
				90F87E672607E61900493E38 /* Nes_Fme7_Apu.cpp */,
				90F87E432607E61800493E38 /* Nes_Namco_Apu.cpp */,
				90F87E612607E61900493E38 /* Nes_Oscs.cpp */,
				90F87E632607E61900493E38 /* Nes_Vrc6_Apu.cpp */,
				90F87E4A2607E61800493E38 /* Nsf_Emu.cpp */,
				90F87E512607E61800493E38 /* Nsfe_Emu.cpp */,
				90F87E502607E61800493E38 /* Sap_Apu.cpp */,
				90F87E3D2607E61800493E38 /* Sap_Cpu.cpp */,
				90F87E4F2607E61800493E38 /* Sap_Emu.cpp */,
				90F87E522607E61800493E38 /* Sms_Apu.cpp */,
				90F87E642607E61900493E38 /* Snes_Spc.cpp */,
				90F87E3E2607E61800493E38 /* Spc_Cpu.cpp */,
				90F87E662607E61900493E38 /* Spc_Dsp.cpp */,
				90F87E3F2607E61800493E38 /* Spc_Emu.cpp */,
				90F87E392607E61800493E38 /* Spc_Filter.cpp */,
				90F87E412607E61800493E38 /* Vgm_Emu_Impl.cpp */,
				90F87E452607E61800493E38 /* Vgm_Emu.cpp */,
				90F87E3A2607E61800493E38 /* Ym2413_Emu.cpp */,
				90F87E532607E61800493E38 /* Ym2612_GENS.cpp */,
				90F87E3B2607E61800493E38 /* Ym2612_MAME.cpp */,
				90F87E462607E61800493E38 /* Ym2612_Nuked.cpp */,
			);
			name = gme;
			sourceTree = "<group>";
		};
/* End PBXGroup section */

/* Begin PBXNativeTarget section */
		90F87E2426077AC100493E38 /* RPGME */ = {
			isa = PBXNativeTarget;
			buildConfigurationList = 90F87E2C26077AC100493E38 /* Build configuration list for PBXNativeTarget "RPGME" */;
			buildPhases = (
				90F87E2126077AC100493E38 /* Sources */,
				90F87E2226077AC100493E38 /* Frameworks */,
				90F87E2326077AC100493E38 /* CopyFiles */,
			);
			buildRules = (
			);
			dependencies = (
			);
			name = RPGME;
			productName = RPGME;
			productReference = 90F87E2526077AC100493E38 /* RPGME */;
			productType = "com.apple.product-type.tool";
		};
/* End PBXNativeTarget section */

/* Begin PBXProject section */
		90F87E1D26077AC100493E38 /* Project object */ = {
			isa = PBXProject;
			attributes = {
				LastUpgradeCheck = 1240;
				TargetAttributes = {
					90F87E2426077AC100493E38 = {
						CreatedOnToolsVersion = 12.4;
					};
				};
			};
			buildConfigurationList = 90F87E2026077AC100493E38 /* Build configuration list for PBXProject "RPGME" */;
			compatibilityVersion = "Xcode 9.3";
			developmentRegion = en;
			hasScannedForEncodings = 0;
			knownRegions = (
				en,
				Base,
			);
			mainGroup = 90F87E1C26077AC100493E38;
			productRefGroup = 90F87E2626077AC100493E38 /* Products */;
			projectDirPath = "";
			projectRoot = "";
			targets = (
				90F87E2426077AC100493E38 /* RPGME */,
			);
		};
/* End PBXProject section */

/* Begin PBXSourcesBuildPhase section */
		90F87E2126077AC100493E38 /* Sources */ = {
			isa = PBXSourcesBuildPhase;
			buildActionMask = 2147483647;
			files = (
				90F87E922607E61900493E38 /* Kss_Cpu.cpp in Sources */,
				90F87E692607E61900493E38 /* Spc_Filter.cpp in Sources */,
				90F87E892607E61900493E38 /* Gb_Cpu.cpp in Sources */,
				90F87E6E2607E61900493E38 /* Spc_Cpu.cpp in Sources */,
				90F87E882607E61900493E38 /* Kss_Scc_Apu.cpp in Sources */,
				90F87E6F2607E61900493E38 /* Spc_Emu.cpp in Sources */,
				90F87E6C2607E61900493E38 /* Kss_Emu.cpp in Sources */,
				90F87E8C2607E61900493E38 /* Gbs_Emu.cpp in Sources */,
				90F87E962607E61900493E38 /* Spc_Dsp.cpp in Sources */,
				90F87E7D2607E61900493E38 /* M3u_Playlist.cpp in Sources */,
				90F87E862607E61900493E38 /* Multi_Buffer.cpp in Sources */,
				90F87E7F2607E61900493E38 /* Sap_Emu.cpp in Sources */,
				90F87E732607E61900493E38 /* Nes_Namco_Apu.cpp in Sources */,
				90F87E792607E61900493E38 /* gme.cpp in Sources */,
				90F87E722607E61900493E38 /* Gb_Oscs.cpp in Sources */,
				90F87E772607E61900493E38 /* Ay_Cpu.cpp in Sources */,
				90F87E942607E61900493E38 /* Snes_Spc.cpp in Sources */,
				90F87E8F2607E61900493E38 /* Gym_Emu.cpp in Sources */,
				90F87E872607E61900493E38 /* Data_Reader.cpp in Sources */,
				90F87E8D2607E61900493E38 /* Gb_Apu.cpp in Sources */,
				90F87E7E2607E61900493E38 /* Nes_Cpu.cpp in Sources */,
				90F87E782607E61900493E38 /* Fir_Resampler.cpp in Sources */,
				90F87E952607E61900493E38 /* Hes_Cpu.cpp in Sources */,
				90F87E7B2607E61900493E38 /* Nes_Apu.cpp in Sources */,
				90F87E972607E61900493E38 /* Nes_Fme7_Apu.cpp in Sources */,
				90F87E7A2607E61900493E38 /* Nsf_Emu.cpp in Sources */,
				90F87E852607E61900493E38 /* Blip_Buffer.cpp in Sources */,
				90F87E832607E61900493E38 /* Ym2612_GENS.cpp in Sources */,
				90F87E6A2607E61900493E38 /* Ym2413_Emu.cpp in Sources */,
				90F87E752607E61900493E38 /* Vgm_Emu.cpp in Sources */,
				90F87E762607E61900493E38 /* Ym2612_Nuked.cpp in Sources */,
				90F87E812607E61900493E38 /* Nsfe_Emu.cpp in Sources */,
				90F87E742607E61900493E38 /* Gme_File.cpp in Sources */,
				90F87E702607E61900493E38 /* Music_Emu.cpp in Sources */,
				90F87E8B2607E61900493E38 /* Effects_Buffer.cpp in Sources */,
				90F87E842607E61900493E38 /* Ay_Emu.cpp in Sources */,
				90F87E342607E43400493E38 /* RPIPCMessage.c in Sources */,
				90F87E2926077AC100493E38 /* main.c in Sources */,
				90F87E902607E61900493E38 /* Hes_Apu.cpp in Sources */,
				90F87E712607E61900493E38 /* Vgm_Emu_Impl.cpp in Sources */,
				90F87E8A2607E61900493E38 /* Hes_Emu.cpp in Sources */,
				90F87E6B2607E61900493E38 /* Ym2612_MAME.cpp in Sources */,
				90F87E912607E61900493E38 /* Nes_Oscs.cpp in Sources */,
				90F87E8E2607E61900493E38 /* Dual_Resampler.cpp in Sources */,
				90F87E822607E61900493E38 /* Sms_Apu.cpp in Sources */,
				90F87E7C2607E61900493E38 /* Ay_Apu.cpp in Sources */,
				90F87E982607E61900493E38 /* Classic_Emu.cpp in Sources */,
				90F87E6D2607E61900493E38 /* Sap_Cpu.cpp in Sources */,
				90F87E802607E61900493E38 /* Sap_Apu.cpp in Sources */,
				90F87E932607E61900493E38 /* Nes_Vrc6_Apu.cpp in Sources */,
			);
			runOnlyForDeploymentPostprocessing = 0;
		};
/* End PBXSourcesBuildPhase section */

/* Begin XCBuildConfiguration section */
		90F87E2A26077AC100493E38 /* Debug */ = {
			isa = XCBuildConfiguration;
			buildSettings = {
				ALWAYS_SEARCH_USER_PATHS = NO;
				CLANG_ANALYZER_NONNULL = YES;
				CLANG_ANALYZER_NUMBER_OBJECT_CONVERSION = YES_AGGRESSIVE;
				CLANG_CXX_LANGUAGE_STANDARD = "gnu++14";
				CLANG_CXX_LIBRARY = "libc++";
				CLANG_ENABLE_MODULES = YES;
				CLANG_ENABLE_OBJC_ARC = YES;
				CLANG_ENABLE_OBJC_WEAK = YES;
				CLANG_WARN_BLOCK_CAPTURE_AUTORELEASING = YES;
				CLANG_WARN_BOOL_CONVERSION = YES;
				CLANG_WARN_COMMA = YES;
				CLANG_WARN_CONSTANT_CONVERSION = YES;
				CLANG_WARN_DEPRECATED_OBJC_IMPLEMENTATIONS = YES;
				CLANG_WARN_DIRECT_OBJC_ISA_USAGE = YES_ERROR;
				CLANG_WARN_DOCUMENTATION_COMMENTS = YES;
				CLANG_WARN_EMPTY_BODY = YES;
				CLANG_WARN_ENUM_CONVERSION = YES;
				CLANG_WARN_INFINITE_RECURSION = YES;
				CLANG_WARN_INT_CONVERSION = YES;
				CLANG_WARN_NON_LITERAL_NULL_CONVERSION = YES;
				CLANG_WARN_OBJC_IMPLICIT_RETAIN_SELF = YES;
				CLANG_WARN_OBJC_LITERAL_CONVERSION = YES;
				CLANG_WARN_OBJC_ROOT_CLASS = YES_ERROR;
				CLANG_WARN_QUOTED_INCLUDE_IN_FRAMEWORK_HEADER = YES;
				CLANG_WARN_RANGE_LOOP_ANALYSIS = YES;
				CLANG_WARN_STRICT_PROTOTYPES = YES;
				CLANG_WARN_SUSPICIOUS_MOVE = YES;
				CLANG_WARN_UNGUARDED_AVAILABILITY = YES_AGGRESSIVE;
				CLANG_WARN_UNREACHABLE_CODE = YES;
				CLANG_WARN__DUPLICATE_METHOD_MATCH = YES;
				COPY_PHASE_STRIP = NO;
				DEBUG_INFORMATION_FORMAT = dwarf;
				ENABLE_STRICT_OBJC_MSGSEND = YES;
				ENABLE_TESTABILITY = YES;
				GCC_C_LANGUAGE_STANDARD = gnu11;
				GCC_DYNAMIC_NO_PIC = NO;
				GCC_NO_COMMON_BLOCKS = YES;
				GCC_OPTIMIZATION_LEVEL = 0;
				GCC_PREPROCESSOR_DEFINITIONS = (
					"DEBUG=1",
					"$(inherited)",
				);
				GCC_WARN_64_TO_32_BIT_CONVERSION = YES;
				GCC_WARN_ABOUT_RETURN_TYPE = YES_ERROR;
				GCC_WARN_UNDECLARED_SELECTOR = YES;
				GCC_WARN_UNINITIALIZED_AUTOS = YES_AGGRESSIVE;
				GCC_WARN_UNUSED_FUNCTION = YES;
				GCC_WARN_UNUSED_VARIABLE = YES;
				MACOSX_DEPLOYMENT_TARGET = 11.1;
				MTL_ENABLE_DEBUG_INFO = INCLUDE_SOURCE;
				MTL_FAST_MATH = YES;
				ONLY_ACTIVE_ARCH = YES;
				SDKROOT = macosx;
			};
			name = Debug;
		};
		90F87E2B26077AC100493E38 /* Release */ = {
			isa = XCBuildConfiguration;
			buildSettings = {
				ALWAYS_SEARCH_USER_PATHS = NO;
				CLANG_ANALYZER_NONNULL = YES;
				CLANG_ANALYZER_NUMBER_OBJECT_CONVERSION = YES_AGGRESSIVE;
				CLANG_CXX_LANGUAGE_STANDARD = "gnu++14";
				CLANG_CXX_LIBRARY = "libc++";
				CLANG_ENABLE_MODULES = YES;
				CLANG_ENABLE_OBJC_ARC = YES;
				CLANG_ENABLE_OBJC_WEAK = YES;
				CLANG_WARN_BLOCK_CAPTURE_AUTORELEASING = YES;
				CLANG_WARN_BOOL_CONVERSION = YES;
				CLANG_WARN_COMMA = YES;
				CLANG_WARN_CONSTANT_CONVERSION = YES;
				CLANG_WARN_DEPRECATED_OBJC_IMPLEMENTATIONS = YES;
				CLANG_WARN_DIRECT_OBJC_ISA_USAGE = YES_ERROR;
				CLANG_WARN_DOCUMENTATION_COMMENTS = YES;
				CLANG_WARN_EMPTY_BODY = YES;
				CLANG_WARN_ENUM_CONVERSION = YES;
				CLANG_WARN_INFINITE_RECURSION = YES;
				CLANG_WARN_INT_CONVERSION = YES;
				CLANG_WARN_NON_LITERAL_NULL_CONVERSION = YES;
				CLANG_WARN_OBJC_IMPLICIT_RETAIN_SELF = YES;
				CLANG_WARN_OBJC_LITERAL_CONVERSION = YES;
				CLANG_WARN_OBJC_ROOT_CLASS = YES_ERROR;
				CLANG_WARN_QUOTED_INCLUDE_IN_FRAMEWORK_HEADER = YES;
				CLANG_WARN_RANGE_LOOP_ANALYSIS = YES;
				CLANG_WARN_STRICT_PROTOTYPES = YES;
				CLANG_WARN_SUSPICIOUS_MOVE = YES;
				CLANG_WARN_UNGUARDED_AVAILABILITY = YES_AGGRESSIVE;
				CLANG_WARN_UNREACHABLE_CODE = YES;
				CLANG_WARN__DUPLICATE_METHOD_MATCH = YES;
				COPY_PHASE_STRIP = NO;
				DEBUG_INFORMATION_FORMAT = "dwarf-with-dsym";
				ENABLE_NS_ASSERTIONS = NO;
				ENABLE_STRICT_OBJC_MSGSEND = YES;
				GCC_C_LANGUAGE_STANDARD = gnu11;
				GCC_NO_COMMON_BLOCKS = YES;
				GCC_WARN_64_TO_32_BIT_CONVERSION = YES;
				GCC_WARN_ABOUT_RETURN_TYPE = YES_ERROR;
				GCC_WARN_UNDECLARED_SELECTOR = YES;
				GCC_WARN_UNINITIALIZED_AUTOS = YES_AGGRESSIVE;
				GCC_WARN_UNUSED_FUNCTION = YES;
				GCC_WARN_UNUSED_VARIABLE = YES;
				MACOSX_DEPLOYMENT_TARGET = 11.1;
				MTL_ENABLE_DEBUG_INFO = NO;
				MTL_FAST_MATH = YES;
				SDKROOT = macosx;
			};
			name = Release;
		};
		90F87E2D26077AC100493E38 /* Debug */ = {
			isa = XCBuildConfiguration;
			buildSettings = {
				CODE_SIGN_STYLE = Automatic;
				DEVELOPMENT_TEAM = 37X379TU43;
				ENABLE_HARDENED_RUNTIME = YES;
				GCC_PREPROCESSOR_DEFINITIONS = (
					BLARGG_BUILD_DLL,
					VGM_YM2612_NUKED,
				);
				HEADER_SEARCH_PATHS = (
					"$(PROJECT_DIR)/Headers",
					"$(PROJECT_DIR)/Source/gme/gme",
				);
				PRODUCT_NAME = "$(TARGET_NAME)";
			};
			name = Debug;
		};
		90F87E2E26077AC100493E38 /* Release */ = {
			isa = XCBuildConfiguration;
			buildSettings = {
				CODE_SIGN_STYLE = Automatic;
				DEVELOPMENT_TEAM = 37X379TU43;
				ENABLE_HARDENED_RUNTIME = YES;
				GCC_PREPROCESSOR_DEFINITIONS = (
					BLARGG_BUILD_DLL,
					VGM_YM2612_NUKED,
				);
				HEADER_SEARCH_PATHS = (
					"$(PROJECT_DIR)/Headers",
					"$(PROJECT_DIR)/Source/gme/gme",
				);
				PRODUCT_NAME = "$(TARGET_NAME)";
			};
			name = Release;
		};
/* End XCBuildConfiguration section */

/* Begin XCConfigurationList section */
		90F87E2026077AC100493E38 /* Build configuration list for PBXProject "RPGME" */ = {
			isa = XCConfigurationList;
			buildConfigurations = (
				90F87E2A26077AC100493E38 /* Debug */,
				90F87E2B26077AC100493E38 /* Release */,
			);
			defaultConfigurationIsVisible = 0;
			defaultConfigurationName = Release;
		};
		90F87E2C26077AC100493E38 /* Build configuration list for PBXNativeTarget "RPGME" */ = {
			isa = XCConfigurationList;
			buildConfigurations = (
				90F87E2D26077AC100493E38 /* Debug */,
				90F87E2E26077AC100493E38 /* Release */,
			);
			defaultConfigurationIsVisible = 0;
			defaultConfigurationName = Release;
		};
/* End XCConfigurationList section */
	};
	rootObject = 90F87E1D26077AC100493E38 /* Project object */;
}
